{
  "name": "axi-factorio",
  "version": "0.1.0-rc.19",
  "lockfileVersion": 3,
  "requires": true,
  "packages": {
    "": {
      "name": "axi-factorio",
      "version": "0.1.0-rc.19",
      "license": "MIT",
      "dependencies": {
        "@toon-format/toon": "2.3.1"
      },
      "bin": {
        "axi-factorio": "dist/src/cli.js"
      },
      "engines": {
        "node": ">=23.6"
      }
    },
    "node_modules/@toon-format/toon": {
      "version": "2.3.1",
      "resolved": "https://registry.npmjs.org/@toon-format/toon/-/toon-2.3.1.tgz",
      "integrity": "sha512-sWqEMeAJGMda9qRrfPKrX3C4c33CO9SJuvJzzrcBEn5sbDB+k6pSLkDsfN0rVnLQwR97MV3sDgVbcxQNsq8xVw==",
      "license": "MIT"
    }
  }
}
